
Microsoft Visual Studio Solution File, Format Version 12.00
# Visual Studio 15
VisualStudioVersion = 15.0.27004.2009
MinimumVisualStudioVersion = 10.0.40219.1
Project("{FAE04EC0-301F-11D3-BF4B-00C04F79EFBC}") = "WindowsFormsApp1", "WindowsFormsApp1\WindowsFormsApp1.csproj", "{61349C11-0E09-43C0-BDCB-67F63BBFA89C}"
EndProject
Global
	GlobalSection(SolutionConfigurationPlatforms) = preSolution
		Debug|Any CPU = Debug|Any CPU
		Release|Any CPU = Release|Any CPU
	EndGlobalSection
	GlobalSection(ProjectConfigurationPlatforms) = postSolution
		{61349C11-0E09-43C0-BDCB-67F63BBFA89C}.Debug|Any CPU.ActiveCfg = Debug|Any CPU
		{61349C11-0E09-43C0-BDCB-67F63BBFA89C}.Debug|Any CPU.Build.0 = Debug|Any CPU
		{61349C11-0E09-43C0-BDCB-67F63BBFA89C}.Release|Any CPU.ActiveCfg = Release|Any CPU
		{61349C11-0E09-43C0-BDCB-67F63BBFA89C}.Release|Any CPU.Build.0 = Release|Any CPU
	EndGlobalSection
	GlobalSection(SolutionProperties) = preSolution
		HideSolutionNode = FALSE
	EndGlobalSection
	GlobalSection(ExtensibilityGlobals) = postSolution
		SolutionGuid = {31067423-5F6B-45C0-B534-B1BF93936473}
	EndGlobalSection
EndGlobal
