
Microsoft Visual Studio Solution File, Format Version 12.00
# Visual Studio 15
VisualStudioVersion = 15.0.27004.2009
MinimumVisualStudioVersion = 10.0.40219.1
Project("{FAE04EC0-301F-11D3-BF4B-00C04F79EFBC}") = "ConsoleApp1", "ConsoleApp1\ConsoleApp1.csproj", "{C28F4F13-FEFE-4C1A-ADCE-AEB0A5AAEEEA}"
EndProject
Global
	GlobalSection(SolutionConfigurationPlatforms) = preSolution
		Debug|Any CPU = Debug|Any CPU
		Release|Any CPU = Release|Any CPU
	EndGlobalSection
	GlobalSection(ProjectConfigurationPlatforms) = postSolution
		{C28F4F13-FEFE-4C1A-ADCE-AEB0A5AAEEEA}.Debug|Any CPU.ActiveCfg = Debug|Any CPU
		{C28F4F13-FEFE-4C1A-ADCE-AEB0A5AAEEEA}.Debug|Any CPU.Build.0 = Debug|Any CPU
		{C28F4F13-FEFE-4C1A-ADCE-AEB0A5AAEEEA}.Release|Any CPU.ActiveCfg = Release|Any CPU
		{C28F4F13-FEFE-4C1A-ADCE-AEB0A5AAEEEA}.Release|Any CPU.Build.0 = Release|Any CPU
	EndGlobalSection
	GlobalSection(SolutionProperties) = preSolution
		HideSolutionNode = FALSE
	EndGlobalSection
	GlobalSection(ExtensibilityGlobals) = postSolution
		SolutionGuid = {CED5A7FA-C945-4F15-B770-B583BA644F3C}
	EndGlobalSection
EndGlobal
