
Microsoft Visual Studio Solution File, Format Version 12.00
# Visual Studio 15
VisualStudioVersion = 15.0.27004.2009
MinimumVisualStudioVersion = 10.0.40219.1
Project("{FAE04EC0-301F-11D3-BF4B-00C04F79EFBC}") = "ConsoleApp1", "ConsoleApp1\ConsoleApp1.csproj", "{75F065D8-5738-487E-8729-4BE1F0DD6DFA}"
EndProject
Global
	GlobalSection(SolutionConfigurationPlatforms) = preSolution
		Debug|Any CPU = Debug|Any CPU
		Release|Any CPU = Release|Any CPU
	EndGlobalSection
	GlobalSection(ProjectConfigurationPlatforms) = postSolution
		{75F065D8-5738-487E-8729-4BE1F0DD6DFA}.Debug|Any CPU.ActiveCfg = Debug|Any CPU
		{75F065D8-5738-487E-8729-4BE1F0DD6DFA}.Debug|Any CPU.Build.0 = Debug|Any CPU
		{75F065D8-5738-487E-8729-4BE1F0DD6DFA}.Release|Any CPU.ActiveCfg = Release|Any CPU
		{75F065D8-5738-487E-8729-4BE1F0DD6DFA}.Release|Any CPU.Build.0 = Release|Any CPU
	EndGlobalSection
	GlobalSection(SolutionProperties) = preSolution
		HideSolutionNode = FALSE
	EndGlobalSection
	GlobalSection(ExtensibilityGlobals) = postSolution
		SolutionGuid = {5AAA3128-319A-473C-AC4E-0CB4BE4F4BB7}
	EndGlobalSection
EndGlobal
