
Microsoft Visual Studio Solution File, Format Version 12.00
# Visual Studio Version 16
VisualStudioVersion = 16.0.29519.181
MinimumVisualStudioVersion = 10.0.40219.1
Project("{FAE04EC0-301F-11D3-BF4B-00C04F79EFBC}") = "ConsoleApp1", "ConsoleApp1\ConsoleApp1.csproj", "{03BA985F-11B5-41E6-B06F-EA3DDF6C0350}"
EndProject
Global
	GlobalSection(SolutionConfigurationPlatforms) = preSolution
		Debug|Any CPU = Debug|Any CPU
		Release|Any CPU = Release|Any CPU
	EndGlobalSection
	GlobalSection(ProjectConfigurationPlatforms) = postSolution
		{03BA985F-11B5-41E6-B06F-EA3DDF6C0350}.Debug|Any CPU.ActiveCfg = Debug|Any CPU
		{03BA985F-11B5-41E6-B06F-EA3DDF6C0350}.Debug|Any CPU.Build.0 = Debug|Any CPU
		{03BA985F-11B5-41E6-B06F-EA3DDF6C0350}.Release|Any CPU.ActiveCfg = Release|Any CPU
		{03BA985F-11B5-41E6-B06F-EA3DDF6C0350}.Release|Any CPU.Build.0 = Release|Any CPU
	EndGlobalSection
	GlobalSection(SolutionProperties) = preSolution
		HideSolutionNode = FALSE
	EndGlobalSection
	GlobalSection(ExtensibilityGlobals) = postSolution
		SolutionGuid = {71CE8EA9-6BFE-4F89-99F4-2791BCA50B7D}
	EndGlobalSection
EndGlobal
