
Microsoft Visual Studio Solution File, Format Version 12.00
# Visual Studio Version 16
VisualStudioVersion = 16.0.29519.181
MinimumVisualStudioVersion = 10.0.40219.1
Project("{FAE04EC0-301F-11D3-BF4B-00C04F79EFBC}") = "WindowsServiceInceleme", "WindowsServiceInceleme\WindowsServiceInceleme.csproj", "{CD791BB7-6B59-465C-B6F1-C0B7F86FF98A}"
EndProject
Global
	GlobalSection(SolutionConfigurationPlatforms) = preSolution
		Debug|Any CPU = Debug|Any CPU
		Release|Any CPU = Release|Any CPU
	EndGlobalSection
	GlobalSection(ProjectConfigurationPlatforms) = postSolution
		{CD791BB7-6B59-465C-B6F1-C0B7F86FF98A}.Debug|Any CPU.ActiveCfg = Debug|Any CPU
		{CD791BB7-6B59-465C-B6F1-C0B7F86FF98A}.Debug|Any CPU.Build.0 = Debug|Any CPU
		{CD791BB7-6B59-465C-B6F1-C0B7F86FF98A}.Release|Any CPU.ActiveCfg = Release|Any CPU
		{CD791BB7-6B59-465C-B6F1-C0B7F86FF98A}.Release|Any CPU.Build.0 = Release|Any CPU
	EndGlobalSection
	GlobalSection(SolutionProperties) = preSolution
		HideSolutionNode = FALSE
	EndGlobalSection
	GlobalSection(ExtensibilityGlobals) = postSolution
		SolutionGuid = {CBF6A048-C7F2-458F-8FC0-F0C750B68BFA}
	EndGlobalSection
EndGlobal
