
Microsoft Visual Studio Solution File, Format Version 12.00
# Visual Studio Version 16
VisualStudioVersion = 16.0.29519.181
MinimumVisualStudioVersion = 10.0.40219.1
Project("{FAE04EC0-301F-11D3-BF4B-00C04F79EFBC}") = "ConsoleApp1", "ConsoleApp1\ConsoleApp1.csproj", "{B44D66A7-CF39-4EA9-B04C-00685AD03DCE}"
EndProject
Global
	GlobalSection(SolutionConfigurationPlatforms) = preSolution
		Debug|Any CPU = Debug|Any CPU
		Release|Any CPU = Release|Any CPU
	EndGlobalSection
	GlobalSection(ProjectConfigurationPlatforms) = postSolution
		{B44D66A7-CF39-4EA9-B04C-00685AD03DCE}.Debug|Any CPU.ActiveCfg = Debug|Any CPU
		{B44D66A7-CF39-4EA9-B04C-00685AD03DCE}.Debug|Any CPU.Build.0 = Debug|Any CPU
		{B44D66A7-CF39-4EA9-B04C-00685AD03DCE}.Release|Any CPU.ActiveCfg = Release|Any CPU
		{B44D66A7-CF39-4EA9-B04C-00685AD03DCE}.Release|Any CPU.Build.0 = Release|Any CPU
	EndGlobalSection
	GlobalSection(SolutionProperties) = preSolution
		HideSolutionNode = FALSE
	EndGlobalSection
	GlobalSection(ExtensibilityGlobals) = postSolution
		SolutionGuid = {20DCB0E0-E8AB-4B1E-83AF-B4B5BA868250}
	EndGlobalSection
EndGlobal
