
Microsoft Visual Studio Solution File, Format Version 12.00
# Visual Studio Version 16
VisualStudioVersion = 16.0.29519.181
MinimumVisualStudioVersion = 10.0.40219.1
Project("{FAE04EC0-301F-11D3-BF4B-00C04F79EFBC}") = "UdemyLib", "UdemyLib\UdemyLib.csproj", "{427A9746-EA6F-4B3C-99E9-258CB31AFB73}"
EndProject
Project("{FAE04EC0-301F-11D3-BF4B-00C04F79EFBC}") = "01_Inceleme", "01_Inceleme\01_Inceleme.csproj", "{1352E2A8-DE2F-4403-9180-45525C42B2E1}"
EndProject
Project("{FAE04EC0-301F-11D3-BF4B-00C04F79EFBC}") = "ReflectionFormApp", "ReflectionFormApp\ReflectionFormApp.csproj", "{325A8B5B-40B6-48BB-9597-47657CC7C35F}"
EndProject
Project("{FAE04EC0-301F-11D3-BF4B-00C04F79EFBC}") = "LateBinding", "LateBinding\LateBinding.csproj", "{5650F141-B51D-4E96-9141-2337A3737560}"
EndProject
Global
	GlobalSection(SolutionConfigurationPlatforms) = preSolution
		Debug|Any CPU = Debug|Any CPU
		Release|Any CPU = Release|Any CPU
	EndGlobalSection
	GlobalSection(ProjectConfigurationPlatforms) = postSolution
		{427A9746-EA6F-4B3C-99E9-258CB31AFB73}.Debug|Any CPU.ActiveCfg = Debug|Any CPU
		{427A9746-EA6F-4B3C-99E9-258CB31AFB73}.Debug|Any CPU.Build.0 = Debug|Any CPU
		{427A9746-EA6F-4B3C-99E9-258CB31AFB73}.Release|Any CPU.ActiveCfg = Release|Any CPU
		{427A9746-EA6F-4B3C-99E9-258CB31AFB73}.Release|Any CPU.Build.0 = Release|Any CPU
		{1352E2A8-DE2F-4403-9180-45525C42B2E1}.Debug|Any CPU.ActiveCfg = Debug|Any CPU
		{1352E2A8-DE2F-4403-9180-45525C42B2E1}.Debug|Any CPU.Build.0 = Debug|Any CPU
		{1352E2A8-DE2F-4403-9180-45525C42B2E1}.Release|Any CPU.ActiveCfg = Release|Any CPU
		{1352E2A8-DE2F-4403-9180-45525C42B2E1}.Release|Any CPU.Build.0 = Release|Any CPU
		{325A8B5B-40B6-48BB-9597-47657CC7C35F}.Debug|Any CPU.ActiveCfg = Debug|Any CPU
		{325A8B5B-40B6-48BB-9597-47657CC7C35F}.Debug|Any CPU.Build.0 = Debug|Any CPU
		{325A8B5B-40B6-48BB-9597-47657CC7C35F}.Release|Any CPU.ActiveCfg = Release|Any CPU
		{325A8B5B-40B6-48BB-9597-47657CC7C35F}.Release|Any CPU.Build.0 = Release|Any CPU
		{5650F141-B51D-4E96-9141-2337A3737560}.Debug|Any CPU.ActiveCfg = Debug|Any CPU
		{5650F141-B51D-4E96-9141-2337A3737560}.Debug|Any CPU.Build.0 = Debug|Any CPU
		{5650F141-B51D-4E96-9141-2337A3737560}.Release|Any CPU.ActiveCfg = Release|Any CPU
		{5650F141-B51D-4E96-9141-2337A3737560}.Release|Any CPU.Build.0 = Release|Any CPU
	EndGlobalSection
	GlobalSection(SolutionProperties) = preSolution
		HideSolutionNode = FALSE
	EndGlobalSection
	GlobalSection(ExtensibilityGlobals) = postSolution
		SolutionGuid = {6812097D-D53F-4C6A-A8BF-08EE7A8D4840}
	EndGlobalSection
EndGlobal
