
Microsoft Visual Studio Solution File, Format Version 12.00
# Visual Studio Version 16
VisualStudioVersion = 16.0.28922.388
MinimumVisualStudioVersion = 10.0.40219.1
Project("{FAE04EC0-301F-11D3-BF4B-00C04F79EFBC}") = "ExcelOkuWinApp", "ExcelOkuWinApp\ExcelOkuWinApp.csproj", "{8FF71687-0093-480F-A556-4666302101E2}"
EndProject
Global
	GlobalSection(SolutionConfigurationPlatforms) = preSolution
		Debug|Any CPU = Debug|Any CPU
		Release|Any CPU = Release|Any CPU
	EndGlobalSection
	GlobalSection(ProjectConfigurationPlatforms) = postSolution
		{8FF71687-0093-480F-A556-4666302101E2}.Debug|Any CPU.ActiveCfg = Debug|Any CPU
		{8FF71687-0093-480F-A556-4666302101E2}.Debug|Any CPU.Build.0 = Debug|Any CPU
		{8FF71687-0093-480F-A556-4666302101E2}.Release|Any CPU.ActiveCfg = Release|Any CPU
		{8FF71687-0093-480F-A556-4666302101E2}.Release|Any CPU.Build.0 = Release|Any CPU
	EndGlobalSection
	GlobalSection(SolutionProperties) = preSolution
		HideSolutionNode = FALSE
	EndGlobalSection
	GlobalSection(ExtensibilityGlobals) = postSolution
		SolutionGuid = {CCD24C5B-3485-464C-A4A2-8B47F6307AEA}
	EndGlobalSection
EndGlobal
