
Microsoft Visual Studio Solution File, Format Version 12.00
# Visual Studio Version 16
VisualStudioVersion = 16.0.29519.181
MinimumVisualStudioVersion = 10.0.40219.1
Project("{FAE04EC0-301F-11D3-BF4B-00C04F79EFBC}") = "Uygulama", "Uygulama\Uygulama.csproj", "{815D7124-0F88-4B02-A1EF-0175E7F88828}"
EndProject
Project("{FAE04EC0-301F-11D3-BF4B-00C04F79EFBC}") = "UygulamaTest", "UygulamaTest\UygulamaTest.csproj", "{7B6CCFF0-A344-40E6-8002-CE893EAC8A41}"
EndProject
Global
	GlobalSection(SolutionConfigurationPlatforms) = preSolution
		Debug|Any CPU = Debug|Any CPU
		Release|Any CPU = Release|Any CPU
	EndGlobalSection
	GlobalSection(ProjectConfigurationPlatforms) = postSolution
		{815D7124-0F88-4B02-A1EF-0175E7F88828}.Debug|Any CPU.ActiveCfg = Debug|Any CPU
		{815D7124-0F88-4B02-A1EF-0175E7F88828}.Debug|Any CPU.Build.0 = Debug|Any CPU
		{815D7124-0F88-4B02-A1EF-0175E7F88828}.Release|Any CPU.ActiveCfg = Release|Any CPU
		{815D7124-0F88-4B02-A1EF-0175E7F88828}.Release|Any CPU.Build.0 = Release|Any CPU
		{7B6CCFF0-A344-40E6-8002-CE893EAC8A41}.Debug|Any CPU.ActiveCfg = Debug|Any CPU
		{7B6CCFF0-A344-40E6-8002-CE893EAC8A41}.Debug|Any CPU.Build.0 = Debug|Any CPU
		{7B6CCFF0-A344-40E6-8002-CE893EAC8A41}.Release|Any CPU.ActiveCfg = Release|Any CPU
		{7B6CCFF0-A344-40E6-8002-CE893EAC8A41}.Release|Any CPU.Build.0 = Release|Any CPU
	EndGlobalSection
	GlobalSection(SolutionProperties) = preSolution
		HideSolutionNode = FALSE
	EndGlobalSection
	GlobalSection(ExtensibilityGlobals) = postSolution
		SolutionGuid = {10B47D12-5E38-4540-97CE-BD30A405B0BE}
	EndGlobalSection
EndGlobal
